// !$*UTF8*$!
{
	archiveVersion = 1;
	classes = {
	};
	objectVersion = 56;
	objects = {

/* Begin PBXBuildFile section */
		E173BF9C2CD66D3700B56507 /* AppDelegate.swift in Sources */ = {isa = PBXBuildFile; fileRef = E173BF9B2CD66D3700B56507 /* AppDelegate.swift */; };
		E173BF9E2CD66D3700B56507 /* SceneDelegate.swift in Sources */ = {isa = PBXBuildFile; fileRef = E173BF9D2CD66D3700B56507 /* SceneDelegate.swift */; };
		E173BFA02CD66D3700B56507 /* ViewController.swift in Sources */ = {isa = PBXBuildFile; fileRef = E173BF9F2CD66D3700B56507 /* ViewController.swift */; };
		E173BFA52CD66D3900B56507 /* Assets.xcassets in Resources */ = {isa = PBXBuildFile; fileRef = E173BFA42CD66D3900B56507 /* Assets.xcassets */; };
		E173BFA82CD66D3900B56507 /* LaunchScreen.storyboard in Resources */ = {isa = PBXBuildFile; fileRef = E173BFA62CD66D3900B56507 /* LaunchScreen.storyboard */; };
		E173BFB12CD66DAA00B56507 /* SnapKit in Frameworks */ = {isa = PBXBuildFile; productRef = E173BFB02CD66DAA00B56507 /* SnapKit */; };
		E173BFB42CD6702000B56507 /* Disk in Frameworks */ = {isa = PBXBuildFile; productRef = E173BFB32CD6702000B56507 /* Disk */; };
		E173BFB62CD67B3C00B56507 /* CharacterTableViewCell.swift in Sources */ = {isa = PBXBuildFile; fileRef = E173BFB52CD67B3C00B56507 /* CharacterTableViewCell.swift */; };
		E173BFB82CD67B6300B56507 /* CustomUILabel.swift in Sources */ = {isa = PBXBuildFile; fileRef = E173BFB72CD67B6300B56507 /* CustomUILabel.swift */; };
		E173BFBA2CD67C0200B56507 /* Character.swift in Sources */ = {isa = PBXBuildFile; fileRef = E173BFB92CD67C0200B56507 /* Character.swift */; };
		E173BFBC2CD67C1300B56507 /* NetworkManager.swift in Sources */ = {isa = PBXBuildFile; fileRef = E173BFBB2CD67C1300B56507 /* NetworkManager.swift */; };
		E173BFBE2CD67C2800B56507 /* NetworkError.swift in Sources */ = {isa = PBXBuildFile; fileRef = E173BFBD2CD67C2800B56507 /* NetworkError.swift */; };
		E173BFC02CD67C3500B56507 /* ImageLoader.swift in Sources */ = {isa = PBXBuildFile; fileRef = E173BFBF2CD67C3500B56507 /* ImageLoader.swift */; };
		E173BFC22CD67EFA00B56507 /* DiskStorageManager.swift in Sources */ = {isa = PBXBuildFile; fileRef = E173BFC12CD67EFA00B56507 /* DiskStorageManager.swift */; };
/* End PBXBuildFile section */

/* Begin PBXFileReference section */
		E173BF982CD66D3700B56507 /* RickAndMortyDiskStorage.app */ = {isa = PBXFileReference; explicitFileType = wrapper.application; includeInIndex = 0; path = RickAndMortyDiskStorage.app; sourceTree = BUILT_PRODUCTS_DIR; };
		E173BF9B2CD66D3700B56507 /* AppDelegate.swift */ = {isa = PBXFileReference; lastKnownFileType = sourcecode.swift; path = AppDelegate.swift; sourceTree = "<group>"; };
		E173BF9D2CD66D3700B56507 /* SceneDelegate.swift */ = {isa = PBXFileReference; lastKnownFileType = sourcecode.swift; path = SceneDelegate.swift; sourceTree = "<group>"; };
		E173BF9F2CD66D3700B56507 /* ViewController.swift */ = {isa = PBXFileReference; lastKnownFileType = sourcecode.swift; path = ViewController.swift; sourceTree = "<group>"; };
		E173BFA42CD66D3900B56507 /* Assets.xcassets */ = {isa = PBXFileReference; lastKnownFileType = folder.assetcatalog; path = Assets.xcassets; sourceTree = "<group>"; };
		E173BFA72CD66D3900B56507 /* Base */ = {isa = PBXFileReference; lastKnownFileType = file.storyboard; name = Base; path = Base.lproj/LaunchScreen.storyboard; sourceTree = "<group>"; };
		E173BFA92CD66D3900B56507 /* Info.plist */ = {isa = PBXFileReference; lastKnownFileType = text.plist.xml; path = Info.plist; sourceTree = "<group>"; };
		E173BFB52CD67B3C00B56507 /* CharacterTableViewCell.swift */ = {isa = PBXFileReference; lastKnownFileType = sourcecode.swift; path = CharacterTableViewCell.swift; sourceTree = "<group>"; };
		E173BFB72CD67B6300B56507 /* CustomUILabel.swift */ = {isa = PBXFileReference; lastKnownFileType = sourcecode.swift; path = CustomUILabel.swift; sourceTree = "<group>"; };
		E173BFB92CD67C0200B56507 /* Character.swift */ = {isa = PBXFileReference; lastKnownFileType = sourcecode.swift; path = Character.swift; sourceTree = "<group>"; };
		E173BFBB2CD67C1300B56507 /* NetworkManager.swift */ = {isa = PBXFileReference; lastKnownFileType = sourcecode.swift; path = NetworkManager.swift; sourceTree = "<group>"; };
		E173BFBD2CD67C2800B56507 /* NetworkError.swift */ = {isa = PBXFileReference; lastKnownFileType = sourcecode.swift; path = NetworkError.swift; sourceTree = "<group>"; };
		E173BFBF2CD67C3500B56507 /* ImageLoader.swift */ = {isa = PBXFileReference; lastKnownFileType = sourcecode.swift; path = ImageLoader.swift; sourceTree = "<group>"; };
		E173BFC12CD67EFA00B56507 /* DiskStorageManager.swift */ = {isa = PBXFileReference; lastKnownFileType = sourcecode.swift; path = DiskStorageManager.swift; sourceTree = "<group>"; };
/* End PBXFileReference section */

/* Begin PBXFrameworksBuildPhase section */
		E173BF952CD66D3700B56507 /* Frameworks */ = {
			isa = PBXFrameworksBuildPhase;
			buildActionMask = 2147483647;
			files = (
				E173BFB12CD66DAA00B56507 /* SnapKit in Frameworks */,
				E173BFB42CD6702000B56507 /* Disk in Frameworks */,
			);
			runOnlyForDeploymentPostprocessing = 0;
		};
/* End PBXFrameworksBuildPhase section */

/* Begin PBXGroup section */
		E173BF8F2CD66D3700B56507 = {
			isa = PBXGroup;
			children = (
				E173BF9A2CD66D3700B56507 /* RickAndMortyDiskStorage */,
				E173BF992CD66D3700B56507 /* Products */,
			);
			sourceTree = "<group>";
		};
		E173BF992CD66D3700B56507 /* Products */ = {
			isa = PBXGroup;
			children = (
				E173BF982CD66D3700B56507 /* RickAndMortyDiskStorage.app */,
			);
			name = Products;
			sourceTree = "<group>";
		};
		E173BF9A2CD66D3700B56507 /* RickAndMortyDiskStorage */ = {
			isa = PBXGroup;
			children = (
				E173BF9B2CD66D3700B56507 /* AppDelegate.swift */,
				E173BF9D2CD66D3700B56507 /* SceneDelegate.swift */,
				E173BF9F2CD66D3700B56507 /* ViewController.swift */,
				E173BFB52CD67B3C00B56507 /* CharacterTableViewCell.swift */,
				E173BFB72CD67B6300B56507 /* CustomUILabel.swift */,
				E173BFB92CD67C0200B56507 /* Character.swift */,
				E173BFBB2CD67C1300B56507 /* NetworkManager.swift */,
				E173BFBD2CD67C2800B56507 /* NetworkError.swift */,
				E173BFBF2CD67C3500B56507 /* ImageLoader.swift */,
				E173BFC12CD67EFA00B56507 /* DiskStorageManager.swift */,
				E173BFA42CD66D3900B56507 /* Assets.xcassets */,
				E173BFA62CD66D3900B56507 /* LaunchScreen.storyboard */,
				E173BFA92CD66D3900B56507 /* Info.plist */,
			);
			path = RickAndMortyDiskStorage;
			sourceTree = "<group>";
		};
/* End PBXGroup section */

/* Begin PBXNativeTarget section */
		E173BF972CD66D3700B56507 /* RickAndMortyDiskStorage */ = {
			isa = PBXNativeTarget;
			buildConfigurationList = E173BFAC2CD66D3900B56507 /* Build configuration list for PBXNativeTarget "RickAndMortyDiskStorage" */;
			buildPhases = (
				E173BF942CD66D3700B56507 /* Sources */,
				E173BF952CD66D3700B56507 /* Frameworks */,
				E173BF962CD66D3700B56507 /* Resources */,
			);
			buildRules = (
			);
			dependencies = (
			);
			name = RickAndMortyDiskStorage;
			packageProductDependencies = (
				E173BFB02CD66DAA00B56507 /* SnapKit */,
				E173BFB32CD6702000B56507 /* Disk */,
			);
			productName = RickAndMortyDiskStorage;
			productReference = E173BF982CD66D3700B56507 /* RickAndMortyDiskStorage.app */;
			productType = "com.apple.product-type.application";
		};
/* End PBXNativeTarget section */

/* Begin PBXProject section */
		E173BF902CD66D3700B56507 /* Project object */ = {
			isa = PBXProject;
			attributes = {
				BuildIndependentTargetsInParallel = 1;
				LastSwiftUpdateCheck = 1430;
				LastUpgradeCheck = 1430;
				TargetAttributes = {
					E173BF972CD66D3700B56507 = {
						CreatedOnToolsVersion = 14.3.1;
					};
				};
			};
			buildConfigurationList = E173BF932CD66D3700B56507 /* Build configuration list for PBXProject "RickAndMortyDiskStorage" */;
			compatibilityVersion = "Xcode 14.0";
			developmentRegion = en;
			hasScannedForEncodings = 0;
			knownRegions = (
				en,
				Base,
			);
			mainGroup = E173BF8F2CD66D3700B56507;
			packageReferences = (
				E173BFAF2CD66DAA00B56507 /* XCRemoteSwiftPackageReference "SnapKit" */,
				E173BFB22CD6702000B56507 /* XCRemoteSwiftPackageReference "Disk" */,
			);
			productRefGroup = E173BF992CD66D3700B56507 /* Products */;
			projectDirPath = "";
			projectRoot = "";
			targets = (
				E173BF972CD66D3700B56507 /* RickAndMortyDiskStorage */,
			);
		};
/* End PBXProject section */

/* Begin PBXResourcesBuildPhase section */
		E173BF962CD66D3700B56507 /* Resources */ = {
			isa = PBXResourcesBuildPhase;
			buildActionMask = 2147483647;
			files = (
				E173BFA82CD66D3900B56507 /* LaunchScreen.storyboard in Resources */,
				E173BFA52CD66D3900B56507 /* Assets.xcassets in Resources */,
			);
			runOnlyForDeploymentPostprocessing = 0;
		};
/* End PBXResourcesBuildPhase section */

/* Begin PBXSourcesBuildPhase section */
		E173BF942CD66D3700B56507 /* Sources */ = {
			isa = PBXSourcesBuildPhase;
			buildActionMask = 2147483647;
			files = (
				E173BFA02CD66D3700B56507 /* ViewController.swift in Sources */,
				E173BFBE2CD67C2800B56507 /* NetworkError.swift in Sources */,
				E173BF9C2CD66D3700B56507 /* AppDelegate.swift in Sources */,
				E173BFB82CD67B6300B56507 /* CustomUILabel.swift in Sources */,
				E173BFBC2CD67C1300B56507 /* NetworkManager.swift in Sources */,
				E173BFC02CD67C3500B56507 /* ImageLoader.swift in Sources */,
				E173BFBA2CD67C0200B56507 /* Character.swift in Sources */,
				E173BF9E2CD66D3700B56507 /* SceneDelegate.swift in Sources */,
				E173BFC22CD67EFA00B56507 /* DiskStorageManager.swift in Sources */,
				E173BFB62CD67B3C00B56507 /* CharacterTableViewCell.swift in Sources */,
			);
			runOnlyForDeploymentPostprocessing = 0;
		};
/* End PBXSourcesBuildPhase section */

/* Begin PBXVariantGroup section */
		E173BFA62CD66D3900B56507 /* LaunchScreen.storyboard */ = {
			isa = PBXVariantGroup;
			children = (
				E173BFA72CD66D3900B56507 /* Base */,
			);
			name = LaunchScreen.storyboard;
			sourceTree = "<group>";
		};
/* End PBXVariantGroup section */

/* Begin XCBuildConfiguration section */
		E173BFAA2CD66D3900B56507 /* Debug */ = {
			isa = XCBuildConfiguration;
			buildSettings = {
				ALWAYS_SEARCH_USER_PATHS = NO;
				CLANG_ANALYZER_NONNULL = YES;
				CLANG_ANALYZER_NUMBER_OBJECT_CONVERSION = YES_AGGRESSIVE;
				CLANG_CXX_LANGUAGE_STANDARD = "gnu++20";
				CLANG_ENABLE_MODULES = YES;
				CLANG_ENABLE_OBJC_ARC = YES;
				CLANG_ENABLE_OBJC_WEAK = YES;
				CLANG_WARN_BLOCK_CAPTURE_AUTORELEASING = YES;
				CLANG_WARN_BOOL_CONVERSION = YES;
				CLANG_WARN_COMMA = YES;
				CLANG_WARN_CONSTANT_CONVERSION = YES;
				CLANG_WARN_DEPRECATED_OBJC_IMPLEMENTATIONS = YES;
				CLANG_WARN_DIRECT_OBJC_ISA_USAGE = YES_ERROR;
				CLANG_WARN_DOCUMENTATION_COMMENTS = YES;
				CLANG_WARN_EMPTY_BODY = YES;
				CLANG_WARN_ENUM_CONVERSION = YES;
				CLANG_WARN_INFINITE_RECURSION = YES;
				CLANG_WARN_INT_CONVERSION = YES;
				CLANG_WARN_NON_LITERAL_NULL_CONVERSION = YES;
				CLANG_WARN_OBJC_IMPLICIT_RETAIN_SELF = YES;
				CLANG_WARN_OBJC_LITERAL_CONVERSION = YES;
				CLANG_WARN_OBJC_ROOT_CLASS = YES_ERROR;
				CLANG_WARN_QUOTED_INCLUDE_IN_FRAMEWORK_HEADER = YES;
				CLANG_WARN_RANGE_LOOP_ANALYSIS = YES;
				CLANG_WARN_STRICT_PROTOTYPES = YES;
				CLANG_WARN_SUSPICIOUS_MOVE = YES;
				CLANG_WARN_UNGUARDED_AVAILABILITY = YES_AGGRESSIVE;
				CLANG_WARN_UNREACHABLE_CODE = YES;
				CLANG_WARN__DUPLICATE_METHOD_MATCH = YES;
				COPY_PHASE_STRIP = NO;
				DEBUG_INFORMATION_FORMAT = dwarf;
				ENABLE_STRICT_OBJC_MSGSEND = YES;
				ENABLE_TESTABILITY = YES;
				GCC_C_LANGUAGE_STANDARD = gnu11;
				GCC_DYNAMIC_NO_PIC = NO;
				GCC_NO_COMMON_BLOCKS = YES;
				GCC_OPTIMIZATION_LEVEL = 0;
				GCC_PREPROCESSOR_DEFINITIONS = (
					"DEBUG=1",
					"$(inherited)",
				);
				GCC_WARN_64_TO_32_BIT_CONVERSION = YES;
				GCC_WARN_ABOUT_RETURN_TYPE = YES_ERROR;
				GCC_WARN_UNDECLARED_SELECTOR = YES;
				GCC_WARN_UNINITIALIZED_AUTOS = YES_AGGRESSIVE;
				GCC_WARN_UNUSED_FUNCTION = YES;
				GCC_WARN_UNUSED_VARIABLE = YES;
				IPHONEOS_DEPLOYMENT_TARGET = 16.4;
				MTL_ENABLE_DEBUG_INFO = INCLUDE_SOURCE;
				MTL_FAST_MATH = YES;
				ONLY_ACTIVE_ARCH = YES;
				SDKROOT = iphoneos;
				SWIFT_ACTIVE_COMPILATION_CONDITIONS = DEBUG;
				SWIFT_OPTIMIZATION_LEVEL = "-Onone";
			};
			name = Debug;
		};
		E173BFAB2CD66D3900B56507 /* Release */ = {
			isa = XCBuildConfiguration;
			buildSettings = {
				ALWAYS_SEARCH_USER_PATHS = NO;
				CLANG_ANALYZER_NONNULL = YES;
				CLANG_ANALYZER_NUMBER_OBJECT_CONVERSION = YES_AGGRESSIVE;
				CLANG_CXX_LANGUAGE_STANDARD = "gnu++20";
				CLANG_ENABLE_MODULES = YES;
				CLANG_ENABLE_OBJC_ARC = YES;
				CLANG_ENABLE_OBJC_WEAK = YES;
				CLANG_WARN_BLOCK_CAPTURE_AUTORELEASING = YES;
				CLANG_WARN_BOOL_CONVERSION = YES;
				CLANG_WARN_COMMA = YES;
				CLANG_WARN_CONSTANT_CONVERSION = YES;
				CLANG_WARN_DEPRECATED_OBJC_IMPLEMENTATIONS = YES;
				CLANG_WARN_DIRECT_OBJC_ISA_USAGE = YES_ERROR;
				CLANG_WARN_DOCUMENTATION_COMMENTS = YES;
				CLANG_WARN_EMPTY_BODY = YES;
				CLANG_WARN_ENUM_CONVERSION = YES;
				CLANG_WARN_INFINITE_RECURSION = YES;
				CLANG_WARN_INT_CONVERSION = YES;
				CLANG_WARN_NON_LITERAL_NULL_CONVERSION = YES;
				CLANG_WARN_OBJC_IMPLICIT_RETAIN_SELF = YES;
				CLANG_WARN_OBJC_LITERAL_CONVERSION = YES;
				CLANG_WARN_OBJC_ROOT_CLASS = YES_ERROR;
				CLANG_WARN_QUOTED_INCLUDE_IN_FRAMEWORK_HEADER = YES;
				CLANG_WARN_RANGE_LOOP_ANALYSIS = YES;
				CLANG_WARN_STRICT_PROTOTYPES = YES;
				CLANG_WARN_SUSPICIOUS_MOVE = YES;
				CLANG_WARN_UNGUARDED_AVAILABILITY = YES_AGGRESSIVE;
				CLANG_WARN_UNREACHABLE_CODE = YES;
				CLANG_WARN__DUPLICATE_METHOD_MATCH = YES;
				COPY_PHASE_STRIP = NO;
				DEBUG_INFORMATION_FORMAT = "dwarf-with-dsym";
				ENABLE_NS_ASSERTIONS = NO;
				ENABLE_STRICT_OBJC_MSGSEND = YES;
				GCC_C_LANGUAGE_STANDARD = gnu11;
				GCC_NO_COMMON_BLOCKS = YES;
				GCC_WARN_64_TO_32_BIT_CONVERSION = YES;
				GCC_WARN_ABOUT_RETURN_TYPE = YES_ERROR;
				GCC_WARN_UNDECLARED_SELECTOR = YES;
				GCC_WARN_UNINITIALIZED_AUTOS = YES_AGGRESSIVE;
				GCC_WARN_UNUSED_FUNCTION = YES;
				GCC_WARN_UNUSED_VARIABLE = YES;
				IPHONEOS_DEPLOYMENT_TARGET = 16.4;
				MTL_ENABLE_DEBUG_INFO = NO;
				MTL_FAST_MATH = YES;
				SDKROOT = iphoneos;
				SWIFT_COMPILATION_MODE = wholemodule;
				SWIFT_OPTIMIZATION_LEVEL = "-O";
				VALIDATE_PRODUCT = YES;
			};
			name = Release;
		};
		E173BFAD2CD66D3900B56507 /* Debug */ = {
			isa = XCBuildConfiguration;
			buildSettings = {
				ASSETCATALOG_COMPILER_APPICON_NAME = AppIcon;
				ASSETCATALOG_COMPILER_GLOBAL_ACCENT_COLOR_NAME = AccentColor;
				CODE_SIGN_STYLE = Automatic;
				CURRENT_PROJECT_VERSION = 1;
				DEVELOPMENT_TEAM = QYDD73WSAD;
				GENERATE_INFOPLIST_FILE = YES;
				INFOPLIST_FILE = RickAndMortyDiskStorage/Info.plist;
				INFOPLIST_KEY_UIApplicationSupportsIndirectInputEvents = YES;
				INFOPLIST_KEY_UILaunchStoryboardName = LaunchScreen;
				INFOPLIST_KEY_UISupportedInterfaceOrientations = UIInterfaceOrientationPortrait;
				INFOPLIST_KEY_UISupportedInterfaceOrientations_iPad = "UIInterfaceOrientationLandscapeLeft UIInterfaceOrientationLandscapeRight UIInterfaceOrientationPortrait UIInterfaceOrientationPortraitUpsideDown";
				LD_RUNPATH_SEARCH_PATHS = (
					"$(inherited)",
					"@executable_path/Frameworks",
				);
				MARKETING_VERSION = 1.0;
				PRODUCT_BUNDLE_IDENTIFIER = ronesta.RickAndMortyDiskStorage;
				PRODUCT_NAME = "$(TARGET_NAME)";
				SUPPORTED_PLATFORMS = "iphoneos iphonesimulator";
				SUPPORTS_MACCATALYST = NO;
				SUPPORTS_MAC_DESIGNED_FOR_IPHONE_IPAD = NO;
				SWIFT_EMIT_LOC_STRINGS = YES;
				SWIFT_VERSION = 5.0;
				TARGETED_DEVICE_FAMILY = 1;
			};
			name = Debug;
		};
		E173BFAE2CD66D3900B56507 /* Release */ = {
			isa = XCBuildConfiguration;
			buildSettings = {
				ASSETCATALOG_COMPILER_APPICON_NAME = AppIcon;
				ASSETCATALOG_COMPILER_GLOBAL_ACCENT_COLOR_NAME = AccentColor;
				CODE_SIGN_STYLE = Automatic;
				CURRENT_PROJECT_VERSION = 1;
				DEVELOPMENT_TEAM = QYDD73WSAD;
				GENERATE_INFOPLIST_FILE = YES;
				INFOPLIST_FILE = RickAndMortyDiskStorage/Info.plist;
				INFOPLIST_KEY_UIApplicationSupportsIndirectInputEvents = YES;
				INFOPLIST_KEY_UILaunchStoryboardName = LaunchScreen;
				INFOPLIST_KEY_UISupportedInterfaceOrientations = UIInterfaceOrientationPortrait;
				INFOPLIST_KEY_UISupportedInterfaceOrientations_iPad = "UIInterfaceOrientationLandscapeLeft UIInterfaceOrientationLandscapeRight UIInterfaceOrientationPortrait UIInterfaceOrientationPortraitUpsideDown";
				LD_RUNPATH_SEARCH_PATHS = (
					"$(inherited)",
					"@executable_path/Frameworks",
				);
				MARKETING_VERSION = 1.0;
				PRODUCT_BUNDLE_IDENTIFIER = ronesta.RickAndMortyDiskStorage;
				PRODUCT_NAME = "$(TARGET_NAME)";
				SUPPORTED_PLATFORMS = "iphoneos iphonesimulator";
				SUPPORTS_MACCATALYST = NO;
				SUPPORTS_MAC_DESIGNED_FOR_IPHONE_IPAD = NO;
				SWIFT_EMIT_LOC_STRINGS = YES;
				SWIFT_VERSION = 5.0;
				TARGETED_DEVICE_FAMILY = 1;
			};
			name = Release;
		};
/* End XCBuildConfiguration section */

/* Begin XCConfigurationList section */
		E173BF932CD66D3700B56507 /* Build configuration list for PBXProject "RickAndMortyDiskStorage" */ = {
			isa = XCConfigurationList;
			buildConfigurations = (
				E173BFAA2CD66D3900B56507 /* Debug */,
				E173BFAB2CD66D3900B56507 /* Release */,
			);
			defaultConfigurationIsVisible = 0;
			defaultConfigurationName = Release;
		};
		E173BFAC2CD66D3900B56507 /* Build configuration list for PBXNativeTarget "RickAndMortyDiskStorage" */ = {
			isa = XCConfigurationList;
			buildConfigurations = (
				E173BFAD2CD66D3900B56507 /* Debug */,
				E173BFAE2CD66D3900B56507 /* Release */,
			);
			defaultConfigurationIsVisible = 0;
			defaultConfigurationName = Release;
		};
/* End XCConfigurationList section */

/* Begin XCRemoteSwiftPackageReference section */
		E173BFAF2CD66DAA00B56507 /* XCRemoteSwiftPackageReference "SnapKit" */ = {
			isa = XCRemoteSwiftPackageReference;
			repositoryURL = "https://github.com/SnapKit/SnapKit";
			requirement = {
				kind = upToNextMajorVersion;
				minimumVersion = 5.0.0;
			};
		};
		E173BFB22CD6702000B56507 /* XCRemoteSwiftPackageReference "Disk" */ = {
			isa = XCRemoteSwiftPackageReference;
			repositoryURL = "https://github.com/saoudrizwan/Disk";
			requirement = {
				kind = upToNextMajorVersion;
				minimumVersion = 0.6.4;
			};
		};
/* End XCRemoteSwiftPackageReference section */

/* Begin XCSwiftPackageProductDependency section */
		E173BFB02CD66DAA00B56507 /* SnapKit */ = {
			isa = XCSwiftPackageProductDependency;
			package = E173BFAF2CD66DAA00B56507 /* XCRemoteSwiftPackageReference "SnapKit" */;
			productName = SnapKit;
		};
		E173BFB32CD6702000B56507 /* Disk */ = {
			isa = XCSwiftPackageProductDependency;
			package = E173BFB22CD6702000B56507 /* XCRemoteSwiftPackageReference "Disk" */;
			productName = Disk;
		};
/* End XCSwiftPackageProductDependency section */
	};
	rootObject = E173BF902CD66D3700B56507 /* Project object */;
}
